
Microsoft Visual Studio Solution File, Format Version 12.00
# Visual Studio 15
VisualStudioVersion = 15.0.28307.438
MinimumVisualStudioVersion = 10.0.40219.1
Project("{FAE04EC0-301F-11D3-BF4B-00C04F79EFBC}") = "ProductStore", "ProductStore\ProductStore.csproj", "{F25FA879-F467-4290-BDC4-B7736C473033}"
EndProject
Project("{FAE04EC0-301F-11D3-BF4B-00C04F79EFBC}") = "Models", "Models\Models.csproj", "{CFBFEA14-EE9A-4026-A5C4-DBC4F29B11E1}"
EndProject
Global
	GlobalSection(SolutionConfigurationPlatforms) = preSolution
		Debug|Any CPU = Debug|Any CPU
		Release|Any CPU = Release|Any CPU
	EndGlobalSection
	GlobalSection(ProjectConfigurationPlatforms) = postSolution
		{F25FA879-F467-4290-BDC4-B7736C473033}.Debug|Any CPU.ActiveCfg = Debug|Any CPU
		{F25FA879-F467-4290-BDC4-B7736C473033}.Debug|Any CPU.Build.0 = Debug|Any CPU
		{F25FA879-F467-4290-BDC4-B7736C473033}.Release|Any CPU.ActiveCfg = Release|Any CPU
		{F25FA879-F467-4290-BDC4-B7736C473033}.Release|Any CPU.Build.0 = Release|Any CPU
		{CFBFEA14-EE9A-4026-A5C4-DBC4F29B11E1}.Debug|Any CPU.ActiveCfg = Debug|Any CPU
		{CFBFEA14-EE9A-4026-A5C4-DBC4F29B11E1}.Debug|Any CPU.Build.0 = Debug|Any CPU
		{CFBFEA14-EE9A-4026-A5C4-DBC4F29B11E1}.Release|Any CPU.ActiveCfg = Release|Any CPU
		{CFBFEA14-EE9A-4026-A5C4-DBC4F29B11E1}.Release|Any CPU.Build.0 = Release|Any CPU
	EndGlobalSection
	GlobalSection(SolutionProperties) = preSolution
		HideSolutionNode = FALSE
	EndGlobalSection
	GlobalSection(ExtensibilityGlobals) = postSolution
		SolutionGuid = {3F16F87A-C733-4690-98F5-5053973CD593}
	EndGlobalSection
EndGlobal
